
Microsoft Visual Studio Solution File, Format Version 12.00
# Visual Studio Version 17
VisualStudioVersion = 17.7.34221.43
MinimumVisualStudioVersion = 10.0.40219.1
Project("{8BC9CEB8-8B4A-11D0-8D11-00A0C91BC942}") = "UmaAssistant", "UmaAssistant.vcxproj", "{046B390A-3EDD-4CEB-99E4-C0D589EAE7BF}"
EndProject
Global
	GlobalSection(SolutionConfigurationPlatforms) = preSolution
		Debug|Any CPU = Debug|Any CPU
		Debug|x64 = Debug|x64
		Debug|x86 = Debug|x86
		Release|Any CPU = Release|Any CPU
		Release|x64 = Release|x64
		Release|x86 = Release|x86
	EndGlobalSection
	GlobalSection(ProjectConfigurationPlatforms) = postSolution
		{046B390A-3EDD-4CEB-99E4-C0D589EAE7BF}.Debug|Any CPU.ActiveCfg = Debug|x64
		{046B390A-3EDD-4CEB-99E4-C0D589EAE7BF}.Debug|Any CPU.Build.0 = Debug|x64
		{046B390A-3EDD-4CEB-99E4-C0D589EAE7BF}.Debug|x64.ActiveCfg = Debug|x64
		{046B390A-3EDD-4CEB-99E4-C0D589EAE7BF}.Debug|x64.Build.0 = Debug|x64
		{046B390A-3EDD-4CEB-99E4-C0D589EAE7BF}.Debug|x86.ActiveCfg = Debug|Win32
		{046B390A-3EDD-4CEB-99E4-C0D589EAE7BF}.Debug|x86.Build.0 = Debug|Win32
		{046B390A-3EDD-4CEB-99E4-C0D589EAE7BF}.Release|Any CPU.ActiveCfg = Release|x64
		{046B390A-3EDD-4CEB-99E4-C0D589EAE7BF}.Release|Any CPU.Build.0 = Release|x64
		{046B390A-3EDD-4CEB-99E4-C0D589EAE7BF}.Release|x64.ActiveCfg = Release|x64
		{046B390A-3EDD-4CEB-99E4-C0D589EAE7BF}.Release|x64.Build.0 = Release|x64
		{046B390A-3EDD-4CEB-99E4-C0D589EAE7BF}.Release|x86.ActiveCfg = Release|Win32
		{046B390A-3EDD-4CEB-99E4-C0D589EAE7BF}.Release|x86.Build.0 = Release|Win32
	EndGlobalSection
	GlobalSection(SolutionProperties) = preSolution
		HideSolutionNode = FALSE
	EndGlobalSection
	GlobalSection(ExtensibilityGlobals) = postSolution
		SolutionGuid = {967E5A9B-4E17-4638-B21C-B411806DD1D2}
	EndGlobalSection
EndGlobal
