<?xml version="1.0" encoding="utf-8"?>
<Project ToolsVersion="4.0" xmlns="http://schemas.microsoft.com/developer/msbuild/2003">
  <ItemGroup>
    <Filter Include="來源檔案">
      <UniqueIdentifier>{4FC737F1-C7A5-4376-A066-2A32D752A2FF}</UniqueIdentifier>
      <Extensions>cpp;c;cc;cxx;c++;cppm;ixx;def;odl;idl;hpj;bat;asm;asmx</Extensions>
    </Filter>
    <Filter Include="標頭檔">
      <UniqueIdentifier>{93995380-89BD-4b04-88EB-625FBE52EBFB}</UniqueIdentifier>
      <Extensions>h;hh;hpp;hxx;h++;hm;inl;inc;ipp;xsd</Extensions>
    </Filter>
    <Filter Include="資源檔">
      <UniqueIdentifier>{67DA6AB6-F800-4c08-8B7A-83BB121AAD01}</UniqueIdentifier>
      <Extensions>rc;ico;cur;bmp;dlg;rc2;rct;bin;rgs;gif;jpg;jpeg;jpe;resx;tiff;tif;png;wav;mfcribbon-ms</Extensions>
    </Filter>
  </ItemGroup>
  <ItemGroup>
    <ClCompile Include="UmaAssistant\form\UmaForm.cpp">
      <Filter>來源檔案</Filter>
    </ClCompile>
    <ClCompile Include="UmaAssistant\class\Screenshot.cpp">
      <Filter>來源檔案</Filter>
    </ClCompile>
    <ClCompile Include="UmaAssistant\utility\CharacterConvert.cpp">
      <Filter>來源檔案</Filter>
    </ClCompile>
    <ClCompile Include="UmaAssistant\class\Scanner.cpp">
      <Filter>來源檔案</Filter>
    </ClCompile>
    <ClCompile Include="UmaAssistant\utility\CharacterCombine.cpp">
      <Filter>來源檔案</Filter>
    </ClCompile>
    <ClCompile Include="UmaAssistant\global\Path.cpp">
      <Filter>來源檔案</Filter>
    </ClCompile>
    <ClCompile Include="UmaAssistant\utility\Pathfinder.cpp">
      <Filter>來源檔案</Filter>
    </ClCompile>
    <ClCompile Include="UmaAssistant\lua\luaTest.cpp">
      <Filter>來源檔案</Filter>
    </ClCompile>
    <ClCompile Include="UmaAssistant\form\SettingsForm.cpp">
      <Filter>來源檔案</Filter>
    </ClCompile>
    <ClCompile Include="UmaAssistant\main.cpp">
      <Filter>來源檔案</Filter>
    </ClCompile>
    <ClCompile Include="UmaAssistant\form\PreviewForm.cpp">
      <Filter>來源檔案</Filter>
    </ClCompile>
    <ClCompile Include="UmaAssistant\global\FormManager.cpp">
      <Filter>來源檔案</Filter>
    </ClCompile>
    <ClCompile Include="UmaAssistant\utility\CharacterFilter.cpp">
      <Filter>來源檔案</Filter>
    </ClCompile>
    <ClCompile Include="UmaAssistant\class\FileManager.cpp">
      <Filter>來源檔案</Filter>
    </ClCompile>
  </ItemGroup>
  <ItemGroup>
    <ClInclude Include="UmaAssistant\form\UmaForm.h">
      <Filter>標頭檔</Filter>
    </ClInclude>
    <ClInclude Include="UmaAssistant\class\Screenshot.h">
      <Filter>標頭檔</Filter>
    </ClInclude>
    <ClInclude Include="UmaAssistant\stdafx.h">
      <Filter>標頭檔</Filter>
    </ClInclude>
    <ClInclude Include="UmaAssistant\class\Scanner.h">
      <Filter>標頭檔</Filter>
    </ClInclude>
    <ClInclude Include="UmaAssistant\utility\CharacterCombine.h">
      <Filter>標頭檔</Filter>
    </ClInclude>
    <ClInclude Include="UmaAssistant\global\Path.h">
      <Filter>標頭檔</Filter>
    </ClInclude>
    <ClInclude Include="UmaAssistant\utility\Pathfinder.h">
      <Filter>標頭檔</Filter>
    </ClInclude>
    <ClInclude Include="UmaAssistant\lua\luaTest.h">
      <Filter>標頭檔</Filter>
    </ClInclude>
    <ClInclude Include="UmaAssistant\form\SettingsForm.h">
      <Filter>標頭檔</Filter>
    </ClInclude>
    <ClInclude Include="UmaAssistant\form\PreviewForm.h">
      <Filter>標頭檔</Filter>
    </ClInclude>
    <ClInclude Include="UmaAssistant\global\FormManager.h">
      <Filter>標頭檔</Filter>
    </ClInclude>
    <ClInclude Include="UmaAssistant\utility\CharacterFilter.h">
      <Filter>標頭檔</Filter>
    </ClInclude>
    <ClInclude Include="UmaAssistant\utility\CharacterConvert.h">
      <Filter>標頭檔</Filter>
    </ClInclude>
    <ClInclude Include="UmaAssistant\class\FileManager.h">
      <Filter>標頭檔</Filter>
    </ClInclude>
  </ItemGroup>
  <ItemGroup>
    <None Include="UmaAssistant\lua\test.lua" />
  </ItemGroup>
  <ItemGroup>
    <EmbeddedResource Include="SettingsForm.resx">
      <Filter>資源檔</Filter>
    </EmbeddedResource>
    <EmbeddedResource Include="PreviewForm.resx">
      <Filter>資源檔</Filter>
    </EmbeddedResource>
    <EmbeddedResource Include="UmaForm.resx">
      <Filter>資源檔</Filter>
    </EmbeddedResource>
  </ItemGroup>
</Project>