<?xml version="1.0" encoding="utf-8"?>
<Project ToolsVersion="4.0" xmlns="http://schemas.microsoft.com/developer/msbuild/2003">
  <ItemGroup>
    <Filter Include="來源檔案">
      <UniqueIdentifier>{4FC737F1-C7A5-4376-A066-2A32D752A2FF}</UniqueIdentifier>
      <Extensions>cpp;c;cc;cxx;c++;cppm;ixx;def;odl;idl;hpj;bat;asm;asmx</Extensions>
    </Filter>
    <Filter Include="標頭檔">
      <UniqueIdentifier>{93995380-89BD-4b04-88EB-625FBE52EBFB}</UniqueIdentifier>
      <Extensions>h;hh;hpp;hxx;h++;hm;inl;inc;ipp;xsd</Extensions>
    </Filter>
    <Filter Include="資源檔">
      <UniqueIdentifier>{67DA6AB6-F800-4c08-8B7A-83BB121AAD01}</UniqueIdentifier>
      <Extensions>rc;ico;cur;bmp;dlg;rc2;rct;bin;rgs;gif;jpg;jpeg;jpe;resx;tiff;tif;png;wav;mfcribbon-ms</Extensions>
    </Filter>
  </ItemGroup>
  <ItemGroup>
    <ClCompile Include="PreviewForm.cpp">
      <Filter>來源檔案</Filter>
    </ClCompile>
    <ClCompile Include="SettingsForm.cpp">
      <Filter>來源檔案</Filter>
    </ClCompile>
    <ClCompile Include="main.cpp">
      <Filter>來源檔案</Filter>
    </ClCompile>
    <ClCompile Include="UmaForm.cpp">
      <Filter>來源檔案</Filter>
    </ClCompile>
    <ClCompile Include="CppSrc\UmaData\ScenarioEventData.cpp">
      <Filter>來源檔案</Filter>
    </ClCompile>
    <ClCompile Include="CppSrc\UmaData\UmaEventData.cpp">
      <Filter>來源檔案</Filter>
    </ClCompile>
    <ClCompile Include="CppSrc\UmaData\UmaEventNameData.cpp">
      <Filter>來源檔案</Filter>
    </ClCompile>
    <ClCompile Include="CppSrc\RefManager\FormController.cpp">
      <Filter>來源檔案</Filter>
    </ClCompile>
    <ClCompile Include="CppSrc\RefManager\FormDesigner.cpp">
      <Filter>來源檔案</Filter>
    </ClCompile>
    <ClCompile Include="CppSrc\RefManager\LocalServerManager.cpp">
      <Filter>來源檔案</Filter>
    </ClCompile>
    <ClCompile Include="CppSrc\RefManager\WebViewManager.cpp">
      <Filter>來源檔案</Filter>
    </ClCompile>
    <ClCompile Include="CppSrc\Manager\MouseManager.cpp">
      <Filter>來源檔案</Filter>
    </ClCompile>
    <ClCompile Include="CppSrc\Config.cpp">
      <Filter>來源檔案</Filter>
    </ClCompile>
    <ClCompile Include="CppSrc\Manager\ConsoleManager.cpp">
      <Filter>來源檔案</Filter>
    </ClCompile>
    <ClCompile Include="CppSrc\Manager\DataManager.cpp">
      <Filter>來源檔案</Filter>
    </ClCompile>
    <ClCompile Include="CppSrc\Manager\FileManager.cpp">
      <Filter>來源檔案</Filter>
    </ClCompile>
    <ClCompile Include="CppSrc\Manager\GameWindowManager.cpp">
      <Filter>來源檔案</Filter>
    </ClCompile>
    <ClCompile Include="CppSrc\Scanner.cpp">
      <Filter>來源檔案</Filter>
    </ClCompile>
    <ClCompile Include="CppSrc\Screenshot.cpp">
      <Filter>來源檔案</Filter>
    </ClCompile>
    <ClCompile Include="CppSrc\UmaLog.cpp">
      <Filter>來源檔案</Filter>
    </ClCompile>
    <ClCompile Include="CppSrc\UmaTimer.cpp">
      <Filter>來源檔案</Filter>
    </ClCompile>
    <ClCompile Include="CppSrc\Global\form.cpp">
      <Filter>來源檔案</Filter>
    </ClCompile>
    <ClCompile Include="CppSrc\Global\path.cpp">
      <Filter>來源檔案</Filter>
    </ClCompile>
    <ClCompile Include="CppSrc\Global\umaswitch.cpp">
      <Filter>來源檔案</Filter>
    </ClCompile>
    <ClCompile Include="CppSrc\Util\CharacterCombine.cpp">
      <Filter>來源檔案</Filter>
    </ClCompile>
    <ClCompile Include="CppSrc\Util\CharacterCompare.cpp">
      <Filter>來源檔案</Filter>
    </ClCompile>
    <ClCompile Include="CppSrc\Util\CharacterConvert.cpp">
      <Filter>來源檔案</Filter>
    </ClCompile>
    <ClCompile Include="CppSrc\Util\CharacterFilter.cpp">
      <Filter>來源檔案</Filter>
    </ClCompile>
    <ClCompile Include="CppSrc\Util\Constants.cpp">
      <Filter>來源檔案</Filter>
    </ClCompile>
    <ClCompile Include="CppSrc\Util\FormControl.cpp">
      <Filter>來源檔案</Filter>
    </ClCompile>
    <ClCompile Include="CppSrc\RefManager\RefSingleton.cpp">
      <Filter>來源檔案</Filter>
    </ClCompile>
    <ClCompile Include="RaceScheduleForm.cpp">
      <Filter>來源檔案</Filter>
    </ClCompile>
    <ClCompile Include="NotificationForm.cpp">
      <Filter>來源檔案</Filter>
    </ClCompile>
  </ItemGroup>
  <ItemGroup>
    <ClInclude Include="resource.h">
      <Filter>標頭檔</Filter>
    </ClInclude>
    <ClInclude Include="PreviewForm.h">
      <Filter>標頭檔</Filter>
    </ClInclude>
    <ClInclude Include="SettingsForm.h">
      <Filter>標頭檔</Filter>
    </ClInclude>
    <ClInclude Include="UmaForm.h">
      <Filter>標頭檔</Filter>
    </ClInclude>
    <ClInclude Include="CppSrc\UmaData\ScenarioEventData.h">
      <Filter>標頭檔</Filter>
    </ClInclude>
    <ClInclude Include="CppSrc\UmaData\UmaEventData.h">
      <Filter>標頭檔</Filter>
    </ClInclude>
    <ClInclude Include="CppSrc\UmaData\UmaEventNameData.h">
      <Filter>標頭檔</Filter>
    </ClInclude>
    <ClInclude Include="CppSrc\UmaData\UmaGetCharData.h">
      <Filter>標頭檔</Filter>
    </ClInclude>
    <ClInclude Include="CppSrc\RefManager\FormController.h">
      <Filter>標頭檔</Filter>
    </ClInclude>
    <ClInclude Include="CppSrc\RefManager\FormDesigner.h">
      <Filter>標頭檔</Filter>
    </ClInclude>
    <ClInclude Include="CppSrc\RefManager\LocalServerManager.h">
      <Filter>標頭檔</Filter>
    </ClInclude>
    <ClInclude Include="CppSrc\RefManager\WebViewManager.h">
      <Filter>標頭檔</Filter>
    </ClInclude>
    <ClInclude Include="CppSrc\Manager\MouseManager.h">
      <Filter>標頭檔</Filter>
    </ClInclude>
    <ClInclude Include="CppSrc\Config.h">
      <Filter>標頭檔</Filter>
    </ClInclude>
    <ClInclude Include="CppSrc\Manager\ConsoleManager.h">
      <Filter>標頭檔</Filter>
    </ClInclude>
    <ClInclude Include="CppSrc\Manager\DataManager.h">
      <Filter>標頭檔</Filter>
    </ClInclude>
    <ClInclude Include="CppSrc\Manager\FileManager.h">
      <Filter>標頭檔</Filter>
    </ClInclude>
    <ClInclude Include="CppSrc\Manager\GameWindowManager.h">
      <Filter>標頭檔</Filter>
    </ClInclude>
    <ClInclude Include="CppSrc\Scanner.h">
      <Filter>標頭檔</Filter>
    </ClInclude>
    <ClInclude Include="CppSrc\Screenshot.h">
      <Filter>標頭檔</Filter>
    </ClInclude>
    <ClInclude Include="CppSrc\UmaLog.h">
      <Filter>標頭檔</Filter>
    </ClInclude>
    <ClInclude Include="CppSrc\UmaTimer.h">
      <Filter>標頭檔</Filter>
    </ClInclude>
    <ClInclude Include="CppSrc\Enum\FilePathType.h">
      <Filter>標頭檔</Filter>
    </ClInclude>
    <ClInclude Include="CppSrc\Enum\FileType.h">
      <Filter>標頭檔</Filter>
    </ClInclude>
    <ClInclude Include="CppSrc\Enum\GameServerType.h">
      <Filter>標頭檔</Filter>
    </ClInclude>
    <ClInclude Include="CppSrc\Enum\GameWindowType.h">
      <Filter>標頭檔</Filter>
    </ClInclude>
    <ClInclude Include="CppSrc\Enum\ImageType.h">
      <Filter>標頭檔</Filter>
    </ClInclude>
    <ClInclude Include="CppSrc\Enum\JpServerLangType.h">
      <Filter>標頭檔</Filter>
    </ClInclude>
    <ClInclude Include="CppSrc\Enum\SoftwareLanguageType.h">
      <Filter>標頭檔</Filter>
    </ClInclude>
    <ClInclude Include="CppSrc\Enum\UmaEventDataType.h">
      <Filter>標頭檔</Filter>
    </ClInclude>
    <ClInclude Include="CppSrc\Global\form.h">
      <Filter>標頭檔</Filter>
    </ClInclude>
    <ClInclude Include="CppSrc\Global\path.h">
      <Filter>標頭檔</Filter>
    </ClInclude>
    <ClInclude Include="CppSrc\Global\umaswitch.h">
      <Filter>標頭檔</Filter>
    </ClInclude>
    <ClInclude Include="CppSrc\Util\CharacterCombine.h">
      <Filter>標頭檔</Filter>
    </ClInclude>
    <ClInclude Include="CppSrc\Util\CharacterCompare.h">
      <Filter>標頭檔</Filter>
    </ClInclude>
    <ClInclude Include="CppSrc\Util\CharacterConvert.h">
      <Filter>標頭檔</Filter>
    </ClInclude>
    <ClInclude Include="CppSrc\Util\CharacterFilter.h">
      <Filter>標頭檔</Filter>
    </ClInclude>
    <ClInclude Include="CppSrc\Util\Constants.h">
      <Filter>標頭檔</Filter>
    </ClInclude>
    <ClInclude Include="CppSrc\Util\FormControl.h">
      <Filter>標頭檔</Filter>
    </ClInclude>
    <ClInclude Include="class\ref\WebViewManager.h">
      <Filter>標頭檔</Filter>
    </ClInclude>
    <ClInclude Include="CppSrc\RefManager\RefSingleton.h">
      <Filter>標頭檔</Filter>
    </ClInclude>
    <ClInclude Include="RaceScheduleForm.h">
      <Filter>標頭檔</Filter>
    </ClInclude>
    <ClInclude Include="NotificationForm.h">
      <Filter>標頭檔</Filter>
    </ClInclude>
    <ClInclude Include="CppSrc\include\singleton_mutex.hpp">
      <Filter>標頭檔</Filter>
    </ClInclude>
  </ItemGroup>
  <ItemGroup>
    <EmbeddedResource Include="SettingsForm.resx">
      <Filter>資源檔</Filter>
    </EmbeddedResource>
    <EmbeddedResource Include="UmaForm.resx">
      <Filter>資源檔</Filter>
    </EmbeddedResource>
    <EmbeddedResource Include="PreviewForm.resx">
      <Filter>資源檔</Filter>
    </EmbeddedResource>
  </ItemGroup>
  <ItemGroup>
    <Image Include="UmaMisc\Image\UmaAssistant\uma_icon_32px.ico">
      <Filter>資源檔</Filter>
    </Image>
  </ItemGroup>
  <ItemGroup>
    <ResourceCompile Include="UmaAssistant.rc">
      <Filter>資源檔</Filter>
    </ResourceCompile>
  </ItemGroup>
  <ItemGroup>
    <None Include="packages.config" />
    <None Include="CSharpControls\Microsoft.Web.WebView2.Core.dll" />
    <None Include="CSharpControls\Microsoft.Web.WebView2.WinForms.dll" />
    <None Include="CSharpControls\RoundedButton.dll" />
  </ItemGroup>
</Project>